
Microsoft Visual Studio Solution File, Format Version 12.00
# Visual Studio Version 17
VisualStudioVersion = 17.9.34723.18
MinimumVisualStudioVersion = 10.0.40219.1
Project("{FAE04EC0-301F-11D3-BF4B-00C04F79EFBC}") = "cycle", "cycle\cycle.csproj", "{D08FD2B3-3F23-4BD7-8516-0DAE17B5526E}"
EndProject
Global
	GlobalSection(SolutionConfigurationPlatforms) = preSolution
		Debug|Any CPU = Debug|Any CPU
		Release|Any CPU = Release|Any CPU
	EndGlobalSection
	GlobalSection(ProjectConfigurationPlatforms) = postSolution
		{D08FD2B3-3F23-4BD7-8516-0DAE17B5526E}.Debug|Any CPU.ActiveCfg = Debug|Any CPU
		{D08FD2B3-3F23-4BD7-8516-0DAE17B5526E}.Debug|Any CPU.Build.0 = Debug|Any CPU
		{D08FD2B3-3F23-4BD7-8516-0DAE17B5526E}.Release|Any CPU.ActiveCfg = Release|Any CPU
		{D08FD2B3-3F23-4BD7-8516-0DAE17B5526E}.Release|Any CPU.Build.0 = Release|Any CPU
	EndGlobalSection
	GlobalSection(SolutionProperties) = preSolution
		HideSolutionNode = FALSE
	EndGlobalSection
	GlobalSection(ExtensibilityGlobals) = postSolution
		SolutionGuid = {E71E9DBA-294A-4811-88C8-995C7A2B42BD}
	EndGlobalSection
EndGlobal
